<?xml version="1.0" encoding="UTF-8" standalone="yes" ?>
<CodeBlocks_project_file>
	<FileVersion major="1" minor="6" />
	<Project>
		<Option title="atmega8" />
		<Option pch_mode="2" />
		<Option compiler="avr-gcc" />
		<Build>
			<Target title="">
				<Option output="bin/atmega8.elf" prefix_auto="1" extension_auto="0" />
				<Option working_dir="" />
				<Option object_output="obj/" />
				<Option type="5" />
				<Option compiler="avr-gcc" />
				<Compiler>
					<Add option="-Os" />
				</Compiler>
			</Target>
			<Environment>
				<Variable name="MCU" value="atmega8" />
			</Environment>
		</Build>
		<Compiler>
			<Add option="-Wall" />
			<Add option="-mmcu=atmega8" />
			<Add option="-DF_CPU=12000000UL" />
		</Compiler>
		<Linker>
			<Add option="-mmcu=atmega8" />
			<Add option="-Wl,-Map=$(TARGET_OUTPUT_DIR)$(TARGET_OUTPUT_BASENAME).map,--cref" />
		</Linker>
		<ExtraCommands>
			<Add after="avr-size --mcu=atmega8 --format=avr $(TARGET_OUTPUT_FILE)" />
			<Add after="avr-objcopy -R .eeprom -R .fuse -R .lock -R .signature -O ihex $(TARGET_OUTPUT_FILE) $(TARGET_OUTPUT_DIR)$(TARGET_OUTPUT_BASENAME).hex" />
			<Add after="avr-objcopy --no-change-warnings -j .eeprom --change-section-lma .eeprom=0 -O ihex $(TARGET_OUTPUT_FILE) $(TARGET_OUTPUT_DIR)$(TARGET_OUTPUT_BASENAME).eep" />
			<Add after="avr-objcopy -R .eeprom -R .fuse -R .lock -R .signature -O binary $(TARGET_OUTPUT_FILE) $(TARGET_OUTPUT_DIR)$(TARGET_OUTPUT_BASENAME).bin" />
			<Add after="avr-objcopy --no-change-warnings -j .eeprom --change-section-lma .eeprom=0 -O binary $(TARGET_OUTPUT_FILE) $(TARGET_OUTPUT_DIR)$(TARGET_OUTPUT_BASENAME).eep" />
		</ExtraCommands>
		<Unit filename="../../src/cpu_io.c">
			<Option compilerVar="CC" />
		</Unit>
		<Unit filename="../../src/cpu_io.h" />
		<Unit filename="../../src/dbg.c">
			<Option compilerVar="CC" />
		</Unit>
		<Unit filename="../../src/dbg.h" />
		<Unit filename="../../src/funcs.c">
			<Option compilerVar="CC" />
		</Unit>
		<Unit filename="../../src/funcs.h" />
		<Unit filename="../../src/inttypes.h" />
		<Unit filename="../../src/main.c">
			<Option compilerVar="CC" />
		</Unit>
		<Unit filename="../../src/pgmspace.h" />
		<Unit filename="../../src/usbconfig.h" />
		<Unit filename="../../usbdrv/usbdrv.c">
			<Option compilerVar="CC" />
		</Unit>
		<Unit filename="../../usbdrv/usbdrv.h" />
		<Unit filename="../../usbdrv/usbdrvasm.S" />
		<Extensions>
			<code_completion />
			<envvars />
			<debugger />
			<lib_finder disable_auto="1" />
		</Extensions>
	</Project>
</CodeBlocks_project_file>
